
Microsoft Visual Studio Solution File, Format Version 12.00
# Visual Studio 2013
VisualStudioVersion = 12.0.31101.0
MinimumVisualStudioVersion = 10.0.40219.1
Project("{FAE04EC0-301F-11D3-BF4B-00C04F79EFBC}") = "DatabaseTester", "DatabseTester\DatabaseTester.csproj", "{66C27727-82D2-4B90-AB77-B71F41D4140B}"
EndProject
Project("{FAE04EC0-301F-11D3-BF4B-00C04F79EFBC}") = "Kata08", "Kata08\Kata08.csproj", "{9CBAE737-687E-4945-8641-EBBE8D6108D2}"
EndProject
Project("{FAE04EC0-301F-11D3-BF4B-00C04F79EFBC}") = "dataBaseinMemory", "dataBaseinMemory\dataBaseinMemory.csproj", "{8D2D1A4F-823A-41EE-9871-A8002C6A7391}"
EndProject
Global
	GlobalSection(SolutionConfigurationPlatforms) = preSolution
		Debug|Any CPU = Debug|Any CPU
		Release|Any CPU = Release|Any CPU
	EndGlobalSection
	GlobalSection(ProjectConfigurationPlatforms) = postSolution
		{66C27727-82D2-4B90-AB77-B71F41D4140B}.Debug|Any CPU.ActiveCfg = Debug|Any CPU
		{66C27727-82D2-4B90-AB77-B71F41D4140B}.Debug|Any CPU.Build.0 = Debug|Any CPU
		{66C27727-82D2-4B90-AB77-B71F41D4140B}.Release|Any CPU.ActiveCfg = Release|Any CPU
		{66C27727-82D2-4B90-AB77-B71F41D4140B}.Release|Any CPU.Build.0 = Release|Any CPU
		{9CBAE737-687E-4945-8641-EBBE8D6108D2}.Debug|Any CPU.ActiveCfg = Debug|Any CPU
		{9CBAE737-687E-4945-8641-EBBE8D6108D2}.Debug|Any CPU.Build.0 = Debug|Any CPU
		{9CBAE737-687E-4945-8641-EBBE8D6108D2}.Release|Any CPU.ActiveCfg = Release|Any CPU
		{9CBAE737-687E-4945-8641-EBBE8D6108D2}.Release|Any CPU.Build.0 = Release|Any CPU
		{8D2D1A4F-823A-41EE-9871-A8002C6A7391}.Debug|Any CPU.ActiveCfg = Debug|Any CPU
		{8D2D1A4F-823A-41EE-9871-A8002C6A7391}.Debug|Any CPU.Build.0 = Debug|Any CPU
		{8D2D1A4F-823A-41EE-9871-A8002C6A7391}.Release|Any CPU.ActiveCfg = Release|Any CPU
		{8D2D1A4F-823A-41EE-9871-A8002C6A7391}.Release|Any CPU.Build.0 = Release|Any CPU
	EndGlobalSection
	GlobalSection(SolutionProperties) = preSolution
		HideSolutionNode = FALSE
	EndGlobalSection
EndGlobal
